
Microsoft Visual Studio Solution File, Format Version 12.00
# Visual Studio Version 16
VisualStudioVersion = 16.0.30717.126
MinimumVisualStudioVersion = 10.0.40219.1
Project("{FAE04EC0-301F-11D3-BF4B-00C04F79EFBC}") = "BarChart", "BarChart\BarChart.csproj", "{3DE2284F-684A-4957-8D2C-D2A0BB13318A}"
EndProject
Global
	GlobalSection(SolutionConfigurationPlatforms) = preSolution
		Debug|Any CPU = Debug|Any CPU
		Release|Any CPU = Release|Any CPU
	EndGlobalSection
	GlobalSection(ProjectConfigurationPlatforms) = postSolution
		{3DE2284F-684A-4957-8D2C-D2A0BB13318A}.Debug|Any CPU.ActiveCfg = Debug|Any CPU
		{3DE2284F-684A-4957-8D2C-D2A0BB13318A}.Debug|Any CPU.Build.0 = Debug|Any CPU
		{3DE2284F-684A-4957-8D2C-D2A0BB13318A}.Release|Any CPU.ActiveCfg = Release|Any CPU
		{3DE2284F-684A-4957-8D2C-D2A0BB13318A}.Release|Any CPU.Build.0 = Release|Any CPU
	EndGlobalSection
	GlobalSection(SolutionProperties) = preSolution
		HideSolutionNode = FALSE
	EndGlobalSection
	GlobalSection(ExtensibilityGlobals) = postSolution
		SolutionGuid = {07A4F226-E00D-4FC4-9324-7FF5AE7FE77D}
	EndGlobalSection
EndGlobal
