
Microsoft Visual Studio Solution File, Format Version 12.00
# Visual Studio Version 16
VisualStudioVersion = 16.0.30611.23
MinimumVisualStudioVersion = 10.0.40219.1
Project("{FAE04EC0-301F-11D3-BF4B-00C04F79EFBC}") = "DrawingApp", "DrawingApp\DrawingApp.csproj", "{0144EA53-3106-4A82-B4DA-D45D09171028}"
EndProject
Global
	GlobalSection(SolutionConfigurationPlatforms) = preSolution
		Debug|Any CPU = Debug|Any CPU
		Release|Any CPU = Release|Any CPU
	EndGlobalSection
	GlobalSection(ProjectConfigurationPlatforms) = postSolution
		{0144EA53-3106-4A82-B4DA-D45D09171028}.Debug|Any CPU.ActiveCfg = Debug|Any CPU
		{0144EA53-3106-4A82-B4DA-D45D09171028}.Debug|Any CPU.Build.0 = Debug|Any CPU
		{0144EA53-3106-4A82-B4DA-D45D09171028}.Release|Any CPU.ActiveCfg = Release|Any CPU
		{0144EA53-3106-4A82-B4DA-D45D09171028}.Release|Any CPU.Build.0 = Release|Any CPU
	EndGlobalSection
	GlobalSection(SolutionProperties) = preSolution
		HideSolutionNode = FALSE
	EndGlobalSection
	GlobalSection(ExtensibilityGlobals) = postSolution
		SolutionGuid = {79977C0C-8010-40F3-B21E-AF4245B05CF9}
	EndGlobalSection
EndGlobal
